
Microsoft Visual Studio Solution File, Format Version 12.00
# Visual Studio Version 17
VisualStudioVersion = 17.5.2.0
MinimumVisualStudioVersion = 10.0.40219.1
Project("{2150E333-8FDC-42A3-9474-1A3956D46DE8}") = "Src", "Src", "{827E0CD3-B72D-47B6-A68D-7590B98EB39B}"
EndProject
Project("{FAE04EC0-301F-11D3-BF4B-00C04F79EFBC}") = "MiniApp", "Src\MiniApp\MiniApp.csproj", "{A81B2FF9-D5A6-40B7-A991-E5881DEC52C3}"
EndProject
Project("{2150E333-8FDC-42A3-9474-1A3956D46DE8}") = "Tests", "Tests", "{0AB3BF05-4346-4AA6-1389-037BE0695223}"
EndProject
Project("{FAE04EC0-301F-11D3-BF4B-00C04F79EFBC}") = "MiniApp.Tests", "Tests\MiniApp.Tests\MiniApp.Tests.csproj", "{729E8180-9995-4FEB-AD3E-2295B064D595}"
EndProject
Global
	GlobalSection(SolutionConfigurationPlatforms) = preSolution
		Debug|Any CPU = Debug|Any CPU
		Debug|x64 = Debug|x64
		Debug|x86 = Debug|x86
		Release|Any CPU = Release|Any CPU
		Release|x64 = Release|x64
		Release|x86 = Release|x86
	EndGlobalSection
	GlobalSection(ProjectConfigurationPlatforms) = postSolution
		{A81B2FF9-D5A6-40B7-A991-E5881DEC52C3}.Debug|Any CPU.ActiveCfg = Debug|Any CPU
		{A81B2FF9-D5A6-40B7-A991-E5881DEC52C3}.Debug|Any CPU.Build.0 = Debug|Any CPU
		{A81B2FF9-D5A6-40B7-A991-E5881DEC52C3}.Debug|x64.ActiveCfg = Debug|Any CPU
		{A81B2FF9-D5A6-40B7-A991-E5881DEC52C3}.Debug|x64.Build.0 = Debug|Any CPU
		{A81B2FF9-D5A6-40B7-A991-E5881DEC52C3}.Debug|x86.ActiveCfg = Debug|Any CPU
		{A81B2FF9-D5A6-40B7-A991-E5881DEC52C3}.Debug|x86.Build.0 = Debug|Any CPU
		{A81B2FF9-D5A6-40B7-A991-E5881DEC52C3}.Release|Any CPU.ActiveCfg = Release|Any CPU
		{A81B2FF9-D5A6-40B7-A991-E5881DEC52C3}.Release|Any CPU.Build.0 = Release|Any CPU
		{A81B2FF9-D5A6-40B7-A991-E5881DEC52C3}.Release|x64.ActiveCfg = Release|Any CPU
		{A81B2FF9-D5A6-40B7-A991-E5881DEC52C3}.Release|x64.Build.0 = Release|Any CPU
		{A81B2FF9-D5A6-40B7-A991-E5881DEC52C3}.Release|x86.ActiveCfg = Release|Any CPU
		{A81B2FF9-D5A6-40B7-A991-E5881DEC52C3}.Release|x86.Build.0 = Release|Any CPU
		{729E8180-9995-4FEB-AD3E-2295B064D595}.Debug|Any CPU.ActiveCfg = Debug|Any CPU
		{729E8180-9995-4FEB-AD3E-2295B064D595}.Debug|Any CPU.Build.0 = Debug|Any CPU
		{729E8180-9995-4FEB-AD3E-2295B064D595}.Debug|x64.ActiveCfg = Debug|Any CPU
		{729E8180-9995-4FEB-AD3E-2295B064D595}.Debug|x64.Build.0 = Debug|Any CPU
		{729E8180-9995-4FEB-AD3E-2295B064D595}.Debug|x86.ActiveCfg = Debug|Any CPU
		{729E8180-9995-4FEB-AD3E-2295B064D595}.Debug|x86.Build.0 = Debug|Any CPU
		{729E8180-9995-4FEB-AD3E-2295B064D595}.Release|Any CPU.ActiveCfg = Release|Any CPU
		{729E8180-9995-4FEB-AD3E-2295B064D595}.Release|Any CPU.Build.0 = Release|Any CPU
		{729E8180-9995-4FEB-AD3E-2295B064D595}.Release|x64.ActiveCfg = Release|Any CPU
		{729E8180-9995-4FEB-AD3E-2295B064D595}.Release|x64.Build.0 = Release|Any CPU
		{729E8180-9995-4FEB-AD3E-2295B064D595}.Release|x86.ActiveCfg = Release|Any CPU
		{729E8180-9995-4FEB-AD3E-2295B064D595}.Release|x86.Build.0 = Release|Any CPU
	EndGlobalSection
	GlobalSection(SolutionProperties) = preSolution
		HideSolutionNode = FALSE
	EndGlobalSection
	GlobalSection(NestedProjects) = preSolution
		{A81B2FF9-D5A6-40B7-A991-E5881DEC52C3} = {827E0CD3-B72D-47B6-A68D-7590B98EB39B}
		{729E8180-9995-4FEB-AD3E-2295B064D595} = {0AB3BF05-4346-4AA6-1389-037BE0695223}
	EndGlobalSection
	GlobalSection(ExtensibilityGlobals) = postSolution
		SolutionGuid = {5963419A-0E65-4622-AE3D-2FF6472CEF84}
	EndGlobalSection
EndGlobal
